
Microsoft Visual Studio Solution File, Format Version 12.00
# Visual Studio Version 17
VisualStudioVersion = 17.4.33205.214
MinimumVisualStudioVersion = 10.0.40219.1
Project("{8BC9CEB8-8B4A-11D0-8D11-00A0C91BC942}") = "Fourteen_Lesson", "Fourteen_Lesson\Fourteen_Lesson.vcxproj", "{FF200C13-033D-42D3-9D67-D3BDBE312746}"
EndProject
Global
	GlobalSection(SolutionConfigurationPlatforms) = preSolution
		Debug|x64 = Debug|x64
		Debug|x86 = Debug|x86
		Release|x64 = Release|x64
		Release|x86 = Release|x86
	EndGlobalSection
	GlobalSection(ProjectConfigurationPlatforms) = postSolution
		{FF200C13-033D-42D3-9D67-D3BDBE312746}.Debug|x64.ActiveCfg = Debug|x64
		{FF200C13-033D-42D3-9D67-D3BDBE312746}.Debug|x64.Build.0 = Debug|x64
		{FF200C13-033D-42D3-9D67-D3BDBE312746}.Debug|x86.ActiveCfg = Debug|Win32
		{FF200C13-033D-42D3-9D67-D3BDBE312746}.Debug|x86.Build.0 = Debug|Win32
		{FF200C13-033D-42D3-9D67-D3BDBE312746}.Release|x64.ActiveCfg = Release|x64
		{FF200C13-033D-42D3-9D67-D3BDBE312746}.Release|x64.Build.0 = Release|x64
		{FF200C13-033D-42D3-9D67-D3BDBE312746}.Release|x86.ActiveCfg = Release|Win32
		{FF200C13-033D-42D3-9D67-D3BDBE312746}.Release|x86.Build.0 = Release|Win32
	EndGlobalSection
	GlobalSection(SolutionProperties) = preSolution
		HideSolutionNode = FALSE
	EndGlobalSection
	GlobalSection(ExtensibilityGlobals) = postSolution
		SolutionGuid = {14CBA123-227D-4692-9CBA-80EFEACE0664}
	EndGlobalSection
EndGlobal
